
Microsoft Visual Studio Solution File, Format Version 12.00
# Visual Studio Version 16
VisualStudioVersion = 16.0.30611.23
MinimumVisualStudioVersion = 10.0.40219.1
Project("{FAE04EC0-301F-11D3-BF4B-00C04F79EFBC}") = "OsuSM", "OsuSM.csproj", "{F655D439-EDDC-4422-92AC-DEC96B688A39}"
EndProject
Global
	GlobalSection(SolutionConfigurationPlatforms) = preSolution
		Debug|Any CPU = Debug|Any CPU
		Release|Any CPU = Release|Any CPU
	EndGlobalSection
	GlobalSection(ProjectConfigurationPlatforms) = postSolution
		{F655D439-EDDC-4422-92AC-DEC96B688A39}.Debug|Any CPU.ActiveCfg = Debug|Any CPU
		{F655D439-EDDC-4422-92AC-DEC96B688A39}.Debug|Any CPU.Build.0 = Debug|Any CPU
		{F655D439-EDDC-4422-92AC-DEC96B688A39}.Release|Any CPU.ActiveCfg = Release|Any CPU
		{F655D439-EDDC-4422-92AC-DEC96B688A39}.Release|Any CPU.Build.0 = Release|Any CPU
	EndGlobalSection
	GlobalSection(SolutionProperties) = preSolution
		HideSolutionNode = FALSE
	EndGlobalSection
	GlobalSection(ExtensibilityGlobals) = postSolution
		SolutionGuid = {B1A80F47-5BF5-42B8-8C93-0535D74083C6}
	EndGlobalSection
EndGlobal
